
Microsoft Visual Studio Solution File, Format Version 12.00
# Visual Studio Version 17
VisualStudioVersion = 17.5.33530.505
MinimumVisualStudioVersion = 10.0.40219.1
Project("{FAE04EC0-301F-11D3-BF4B-00C04F79EFBC}") = "Compactador de videos em massa FFMPEG", "Compactador de videos em massa FFMPEG\Compactador de videos em massa FFMPEG.csproj", "{8EC24ABD-017B-44CA-8E84-A636F4EC3DB6}"
EndProject
Global
	GlobalSection(SolutionConfigurationPlatforms) = preSolution
		Debug|Any CPU = Debug|Any CPU
		Release|Any CPU = Release|Any CPU
	EndGlobalSection
	GlobalSection(ProjectConfigurationPlatforms) = postSolution
		{8EC24ABD-017B-44CA-8E84-A636F4EC3DB6}.Debug|Any CPU.ActiveCfg = Debug|Any CPU
		{8EC24ABD-017B-44CA-8E84-A636F4EC3DB6}.Debug|Any CPU.Build.0 = Debug|Any CPU
		{8EC24ABD-017B-44CA-8E84-A636F4EC3DB6}.Release|Any CPU.ActiveCfg = Release|Any CPU
		{8EC24ABD-017B-44CA-8E84-A636F4EC3DB6}.Release|Any CPU.Build.0 = Release|Any CPU
	EndGlobalSection
	GlobalSection(SolutionProperties) = preSolution
		HideSolutionNode = FALSE
	EndGlobalSection
	GlobalSection(ExtensibilityGlobals) = postSolution
		SolutionGuid = {3BE4CD15-D612-40C7-A077-D341ACF423A4}
	EndGlobalSection
EndGlobal
